
Microsoft Visual Studio Solution File, Format Version 12.00
# Visual Studio Version 17
VisualStudioVersion = 17.9.34902.65
MinimumVisualStudioVersion = 10.0.40219.1
Project("{FAE04EC0-301F-11D3-BF4B-00C04F79EFBC}") = "EF", "EF\EF.csproj", "{43DBEF4E-7D07-4546-8FCF-FBA268E4D5DE}"
EndProject
Global
	GlobalSection(SolutionConfigurationPlatforms) = preSolution
		Debug|Any CPU = Debug|Any CPU
		Release|Any CPU = Release|Any CPU
	EndGlobalSection
	GlobalSection(ProjectConfigurationPlatforms) = postSolution
		{43DBEF4E-7D07-4546-8FCF-FBA268E4D5DE}.Debug|Any CPU.ActiveCfg = Debug|Any CPU
		{43DBEF4E-7D07-4546-8FCF-FBA268E4D5DE}.Debug|Any CPU.Build.0 = Debug|Any CPU
		{43DBEF4E-7D07-4546-8FCF-FBA268E4D5DE}.Release|Any CPU.ActiveCfg = Release|Any CPU
		{43DBEF4E-7D07-4546-8FCF-FBA268E4D5DE}.Release|Any CPU.Build.0 = Release|Any CPU
	EndGlobalSection
	GlobalSection(SolutionProperties) = preSolution
		HideSolutionNode = FALSE
	EndGlobalSection
	GlobalSection(ExtensibilityGlobals) = postSolution
		SolutionGuid = {F7F8DA90-841D-424B-B8D3-81D320882F55}
	EndGlobalSection
EndGlobal
